// !$*UTF8*$!
{
	archiveVersion = 1;
	classes = {
	};
	objectVersion = 77;
	objects = {

/* Begin PBXBuildFile section */
		FB50DB2A2D93370000D4086E /* SortedByButton.swift in Sources */ = {isa = PBXBuildFile; fileRef = FB50DB292D93370000D4086E /* SortedByButton.swift */; };
		FB98EA562D930FE5006A53BA /* Preview Assets.xcassets in Resources */ = {isa = PBXBuildFile; fileRef = FB98EA502D930FE5006A53BA /* Preview Assets.xcassets */; };
		FB98EA572D930FE5006A53BA /* Assets.xcassets in Resources */ = {isa = PBXBuildFile; fileRef = FB98EA522D930FE5006A53BA /* Assets.xcassets */; };
		FB98EA582D930FE5006A53BA /* ContentView.swift in Sources */ = {isa = PBXBuildFile; fileRef = FB98EA532D930FE5006A53BA /* ContentView.swift */; };
		FB98EA592D930FE5006A53BA /* ScoreAppSwiftUIApp.swift in Sources */ = {isa = PBXBuildFile; fileRef = FB98EA542D930FE5006A53BA /* ScoreAppSwiftUIApp.swift */; };
		FB98EA5C2D931086006A53BA /* scoresdata.json in Resources */ = {isa = PBXBuildFile; fileRef = FB98EA5A2D931085006A53BA /* scoresdata.json */; };
		FB98EA5F2D9310B5006A53BA /* ScoreDTO.swift in Sources */ = {isa = PBXBuildFile; fileRef = FB98EA5D2D9310B5006A53BA /* ScoreDTO.swift */; };
		FB98EA612D93120A006A53BA /* Score.swift in Sources */ = {isa = PBXBuildFile; fileRef = FB98EA602D93120A006A53BA /* Score.swift */; };
		FB98EA652D931230006A53BA /* JSONLoader.swift in Sources */ = {isa = PBXBuildFile; fileRef = FB98EA632D931230006A53BA /* JSONLoader.swift */; };
		FB98EA662D931230006A53BA /* DataRepository.swift in Sources */ = {isa = PBXBuildFile; fileRef = FB98EA622D931230006A53BA /* DataRepository.swift */; };
		FB98EA692D931290006A53BA /* ScoresVM.swift in Sources */ = {isa = PBXBuildFile; fileRef = FB98EA682D931290006A53BA /* ScoresVM.swift */; };
		FB98EA6C2D931607006A53BA /* RepositoryTest.swift in Sources */ = {isa = PBXBuildFile; fileRef = FB98EA6A2D931607006A53BA /* RepositoryTest.swift */; };
		FB98EA6E2D9316E4006A53BA /* scoresdatatest.json in Resources */ = {isa = PBXBuildFile; fileRef = FB98EA6D2D9316E4006A53BA /* scoresdatatest.json */; };
		FB98EA712D9319D1006A53BA /* ScoresCell.swift in Sources */ = {isa = PBXBuildFile; fileRef = FB98EA702D9319D1006A53BA /* ScoresCell.swift */; };
		FBEAE73A2D9436DE006CFB10 /* MainTabScreen.swift in Sources */ = {isa = PBXBuildFile; fileRef = FBEAE7392D9436DE006CFB10 /* MainTabScreen.swift */; };
		FBEAE73C2D94383B006CFB10 /* FavoritesView.swift in Sources */ = {isa = PBXBuildFile; fileRef = FBEAE73B2D94383B006CFB10 /* FavoritesView.swift */; };
		FBEAE73E2D944CAC006CFB10 /* ViewScore.swift in Sources */ = {isa = PBXBuildFile; fileRef = FBEAE73D2D944CAC006CFB10 /* ViewScore.swift */; };
		FBEAE7422D9450EF006CFB10 /* EditScoreView.swift in Sources */ = {isa = PBXBuildFile; fileRef = FBEAE7412D9450EF006CFB10 /* EditScoreView.swift */; };
		FBEAE7442D94521A006CFB10 /* EditScoreVM.swift in Sources */ = {isa = PBXBuildFile; fileRef = FBEAE7432D94521A006CFB10 /* EditScoreVM.swift */; };
		FBEAE7472D94554A006CFB10 /* ViewBuilders.swift in Sources */ = {isa = PBXBuildFile; fileRef = FBEAE7462D94554A006CFB10 /* ViewBuilders.swift */; };
/* End PBXBuildFile section */

/* Begin PBXFileReference section */
		FB50DB292D93370000D4086E /* SortedByButton.swift */ = {isa = PBXFileReference; lastKnownFileType = sourcecode.swift; path = SortedByButton.swift; sourceTree = "<group>"; };
		FB98EA3F2D930FD2006A53BA /* ScoreAppSwiftUI.app */ = {isa = PBXFileReference; explicitFileType = wrapper.application; includeInIndex = 0; path = ScoreAppSwiftUI.app; sourceTree = BUILT_PRODUCTS_DIR; };
		FB98EA502D930FE5006A53BA /* Preview Assets.xcassets */ = {isa = PBXFileReference; lastKnownFileType = folder.assetcatalog; path = "Preview Assets.xcassets"; sourceTree = "<group>"; };
		FB98EA522D930FE5006A53BA /* Assets.xcassets */ = {isa = PBXFileReference; lastKnownFileType = folder.assetcatalog; path = Assets.xcassets; sourceTree = "<group>"; };
		FB98EA532D930FE5006A53BA /* ContentView.swift */ = {isa = PBXFileReference; lastKnownFileType = sourcecode.swift; path = ContentView.swift; sourceTree = "<group>"; };
		FB98EA542D930FE5006A53BA /* ScoreAppSwiftUIApp.swift */ = {isa = PBXFileReference; lastKnownFileType = sourcecode.swift; path = ScoreAppSwiftUIApp.swift; sourceTree = "<group>"; };
		FB98EA5A2D931085006A53BA /* scoresdata.json */ = {isa = PBXFileReference; lastKnownFileType = text.json; path = scoresdata.json; sourceTree = "<group>"; };
		FB98EA5D2D9310B5006A53BA /* ScoreDTO.swift */ = {isa = PBXFileReference; lastKnownFileType = sourcecode.swift; path = ScoreDTO.swift; sourceTree = "<group>"; };
		FB98EA602D93120A006A53BA /* Score.swift */ = {isa = PBXFileReference; lastKnownFileType = sourcecode.swift; path = Score.swift; sourceTree = "<group>"; };
		FB98EA622D931230006A53BA /* DataRepository.swift */ = {isa = PBXFileReference; lastKnownFileType = sourcecode.swift; path = DataRepository.swift; sourceTree = "<group>"; };
		FB98EA632D931230006A53BA /* JSONLoader.swift */ = {isa = PBXFileReference; lastKnownFileType = sourcecode.swift; path = JSONLoader.swift; sourceTree = "<group>"; };
		FB98EA682D931290006A53BA /* ScoresVM.swift */ = {isa = PBXFileReference; lastKnownFileType = sourcecode.swift; path = ScoresVM.swift; sourceTree = "<group>"; };
		FB98EA6A2D931607006A53BA /* RepositoryTest.swift */ = {isa = PBXFileReference; lastKnownFileType = sourcecode.swift; path = RepositoryTest.swift; sourceTree = "<group>"; };
		FB98EA6D2D9316E4006A53BA /* scoresdatatest.json */ = {isa = PBXFileReference; lastKnownFileType = text.json; path = scoresdatatest.json; sourceTree = "<group>"; };
		FB98EA702D9319D1006A53BA /* ScoresCell.swift */ = {isa = PBXFileReference; lastKnownFileType = sourcecode.swift; path = ScoresCell.swift; sourceTree = "<group>"; };
		FBEAE7392D9436DE006CFB10 /* MainTabScreen.swift */ = {isa = PBXFileReference; lastKnownFileType = sourcecode.swift; path = MainTabScreen.swift; sourceTree = "<group>"; };
		FBEAE73B2D94383B006CFB10 /* FavoritesView.swift */ = {isa = PBXFileReference; lastKnownFileType = sourcecode.swift; path = FavoritesView.swift; sourceTree = "<group>"; };
		FBEAE73D2D944CAC006CFB10 /* ViewScore.swift */ = {isa = PBXFileReference; lastKnownFileType = sourcecode.swift; path = ViewScore.swift; sourceTree = "<group>"; };
		FBEAE7412D9450EF006CFB10 /* EditScoreView.swift */ = {isa = PBXFileReference; lastKnownFileType = sourcecode.swift; path = EditScoreView.swift; sourceTree = "<group>"; };
		FBEAE7432D94521A006CFB10 /* EditScoreVM.swift */ = {isa = PBXFileReference; lastKnownFileType = sourcecode.swift; path = EditScoreVM.swift; sourceTree = "<group>"; };
		FBEAE7462D94554A006CFB10 /* ViewBuilders.swift */ = {isa = PBXFileReference; lastKnownFileType = sourcecode.swift; path = ViewBuilders.swift; sourceTree = "<group>"; };
/* End PBXFileReference section */

/* Begin PBXFrameworksBuildPhase section */
		FB98EA3C2D930FD2006A53BA /* Frameworks */ = {
			isa = PBXFrameworksBuildPhase;
			buildActionMask = 2147483647;
			files = (
			);
			runOnlyForDeploymentPostprocessing = 0;
		};
/* End PBXFrameworksBuildPhase section */

/* Begin PBXGroup section */
		FB98EA362D930FD2006A53BA = {
			isa = PBXGroup;
			children = (
				FB98EA552D930FE5006A53BA /* ScoreAppSwiftUI */,
				FB98EA522D930FE5006A53BA /* Assets.xcassets */,
				FB98EA402D930FD2006A53BA /* Products */,
			);
			sourceTree = "<group>";
		};
		FB98EA402D930FD2006A53BA /* Products */ = {
			isa = PBXGroup;
			children = (
				FB98EA3F2D930FD2006A53BA /* ScoreAppSwiftUI.app */,
			);
			name = Products;
			sourceTree = "<group>";
		};
		FB98EA512D930FE5006A53BA /* Preview Content */ = {
			isa = PBXGroup;
			children = (
				FB98EA502D930FE5006A53BA /* Preview Assets.xcassets */,
			);
			path = "Preview Content";
			sourceTree = "<group>";
		};
		FB98EA552D930FE5006A53BA /* ScoreAppSwiftUI */ = {
			isa = PBXGroup;
			children = (
				FBEAE7392D9436DE006CFB10 /* MainTabScreen.swift */,
				FB98EA542D930FE5006A53BA /* ScoreAppSwiftUIApp.swift */,
				FB98EA532D930FE5006A53BA /* ContentView.swift */,
				FBEAE73B2D94383B006CFB10 /* FavoritesView.swift */,
				FBEAE73D2D944CAC006CFB10 /* ViewScore.swift */,
				FBEAE7412D9450EF006CFB10 /* EditScoreView.swift */,
				FBEAE7452D94542B006CFB10 /* Extensions */,
				FB98EA6F2D9319B2006A53BA /* Components */,
				FB98EA672D931279006A53BA /* ViewModel */,
				FB98EA642D931230006A53BA /* Repository */,
				FB98EA5E2D9310B5006A53BA /* Model */,
				FB98EA5B2D931085006A53BA /* Resources */,
				FB98EA6B2D931607006A53BA /* Test */,
				FB98EA512D930FE5006A53BA /* Preview Content */,
			);
			path = ScoreAppSwiftUI;
			sourceTree = "<group>";
		};
		FB98EA5B2D931085006A53BA /* Resources */ = {
			isa = PBXGroup;
			children = (
				FB98EA5A2D931085006A53BA /* scoresdata.json */,
			);
			path = Resources;
			sourceTree = "<group>";
		};
		FB98EA5E2D9310B5006A53BA /* Model */ = {
			isa = PBXGroup;
			children = (
				FB98EA602D93120A006A53BA /* Score.swift */,
				FB98EA5D2D9310B5006A53BA /* ScoreDTO.swift */,
			);
			path = Model;
			sourceTree = "<group>";
		};
		FB98EA642D931230006A53BA /* Repository */ = {
			isa = PBXGroup;
			children = (
				FB98EA622D931230006A53BA /* DataRepository.swift */,
				FB98EA632D931230006A53BA /* JSONLoader.swift */,
			);
			path = Repository;
			sourceTree = "<group>";
		};
		FB98EA672D931279006A53BA /* ViewModel */ = {
			isa = PBXGroup;
			children = (
				FB98EA682D931290006A53BA /* ScoresVM.swift */,
				FBEAE7432D94521A006CFB10 /* EditScoreVM.swift */,
			);
			path = ViewModel;
			sourceTree = "<group>";
		};
		FB98EA6B2D931607006A53BA /* Test */ = {
			isa = PBXGroup;
			children = (
				FB98EA6A2D931607006A53BA /* RepositoryTest.swift */,
				FB98EA6D2D9316E4006A53BA /* scoresdatatest.json */,
			);
			path = Test;
			sourceTree = "<group>";
		};
		FB98EA6F2D9319B2006A53BA /* Components */ = {
			isa = PBXGroup;
			children = (
				FB98EA702D9319D1006A53BA /* ScoresCell.swift */,
				FB50DB292D93370000D4086E /* SortedByButton.swift */,
			);
			path = Components;
			sourceTree = "<group>";
		};
		FBEAE7452D94542B006CFB10 /* Extensions */ = {
			isa = PBXGroup;
			children = (
				FBEAE7462D94554A006CFB10 /* ViewBuilders.swift */,
			);
			path = Extensions;
			sourceTree = "<group>";
		};
/* End PBXGroup section */

/* Begin PBXNativeTarget section */
		FB98EA3E2D930FD2006A53BA /* ScoreAppSwiftUI */ = {
			isa = PBXNativeTarget;
			buildConfigurationList = FB98EA4D2D930FDA006A53BA /* Build configuration list for PBXNativeTarget "ScoreAppSwiftUI" */;
			buildPhases = (
				FB98EA3B2D930FD2006A53BA /* Sources */,
				FB98EA3C2D930FD2006A53BA /* Frameworks */,
				FB98EA3D2D930FD2006A53BA /* Resources */,
			);
			buildRules = (
			);
			dependencies = (
			);
			name = ScoreAppSwiftUI;
			packageProductDependencies = (
			);
			productName = ScoreAppSwiftUI;
			productReference = FB98EA3F2D930FD2006A53BA /* ScoreAppSwiftUI.app */;
			productType = "com.apple.product-type.application";
		};
/* End PBXNativeTarget section */

/* Begin PBXProject section */
		FB98EA372D930FD2006A53BA /* Project object */ = {
			isa = PBXProject;
			attributes = {
				BuildIndependentTargetsInParallel = 1;
				LastSwiftUpdateCheck = 1620;
				LastUpgradeCheck = 1620;
				TargetAttributes = {
					FB98EA3E2D930FD2006A53BA = {
						CreatedOnToolsVersion = 16.2;
					};
				};
			};
			buildConfigurationList = FB98EA3A2D930FD2006A53BA /* Build configuration list for PBXProject "ScoreAppSwiftUI" */;
			developmentRegion = en;
			hasScannedForEncodings = 0;
			knownRegions = (
				en,
				Base,
			);
			mainGroup = FB98EA362D930FD2006A53BA;
			minimizedProjectReferenceProxies = 1;
			preferredProjectObjectVersion = 77;
			productRefGroup = FB98EA402D930FD2006A53BA /* Products */;
			projectDirPath = "";
			projectRoot = "";
			targets = (
				FB98EA3E2D930FD2006A53BA /* ScoreAppSwiftUI */,
			);
		};
/* End PBXProject section */

/* Begin PBXResourcesBuildPhase section */
		FB98EA3D2D930FD2006A53BA /* Resources */ = {
			isa = PBXResourcesBuildPhase;
			buildActionMask = 2147483647;
			files = (
				FB98EA6E2D9316E4006A53BA /* scoresdatatest.json in Resources */,
				FB98EA562D930FE5006A53BA /* Preview Assets.xcassets in Resources */,
				FB98EA5C2D931086006A53BA /* scoresdata.json in Resources */,
				FB98EA572D930FE5006A53BA /* Assets.xcassets in Resources */,
			);
			runOnlyForDeploymentPostprocessing = 0;
		};
/* End PBXResourcesBuildPhase section */

/* Begin PBXSourcesBuildPhase section */
		FB98EA3B2D930FD2006A53BA /* Sources */ = {
			isa = PBXSourcesBuildPhase;
			buildActionMask = 2147483647;
			files = (
				FBEAE73E2D944CAC006CFB10 /* ViewScore.swift in Sources */,
				FB98EA582D930FE5006A53BA /* ContentView.swift in Sources */,
				FB98EA652D931230006A53BA /* JSONLoader.swift in Sources */,
				FB98EA692D931290006A53BA /* ScoresVM.swift in Sources */,
				FB98EA662D931230006A53BA /* DataRepository.swift in Sources */,
				FB98EA5F2D9310B5006A53BA /* ScoreDTO.swift in Sources */,
				FB98EA712D9319D1006A53BA /* ScoresCell.swift in Sources */,
				FB98EA612D93120A006A53BA /* Score.swift in Sources */,
				FB50DB2A2D93370000D4086E /* SortedByButton.swift in Sources */,
				FBEAE7422D9450EF006CFB10 /* EditScoreView.swift in Sources */,
				FBEAE73C2D94383B006CFB10 /* FavoritesView.swift in Sources */,
				FBEAE7472D94554A006CFB10 /* ViewBuilders.swift in Sources */,
				FBEAE73A2D9436DE006CFB10 /* MainTabScreen.swift in Sources */,
				FB98EA592D930FE5006A53BA /* ScoreAppSwiftUIApp.swift in Sources */,
				FB98EA6C2D931607006A53BA /* RepositoryTest.swift in Sources */,
				FBEAE7442D94521A006CFB10 /* EditScoreVM.swift in Sources */,
			);
			runOnlyForDeploymentPostprocessing = 0;
		};
/* End PBXSourcesBuildPhase section */

/* Begin XCBuildConfiguration section */
		FB98EA4B2D930FDA006A53BA /* Debug */ = {
			isa = XCBuildConfiguration;
			buildSettings = {
				ALWAYS_SEARCH_USER_PATHS = NO;
				ASSETCATALOG_COMPILER_GENERATE_SWIFT_ASSET_SYMBOL_EXTENSIONS = YES;
				CLANG_ANALYZER_NONNULL = YES;
				CLANG_ANALYZER_NUMBER_OBJECT_CONVERSION = YES_AGGRESSIVE;
				CLANG_CXX_LANGUAGE_STANDARD = "gnu++20";
				CLANG_ENABLE_MODULES = YES;
				CLANG_ENABLE_OBJC_ARC = YES;
				CLANG_ENABLE_OBJC_WEAK = YES;
				CLANG_WARN_BLOCK_CAPTURE_AUTORELEASING = YES;
				CLANG_WARN_BOOL_CONVERSION = YES;
				CLANG_WARN_COMMA = YES;
				CLANG_WARN_CONSTANT_CONVERSION = YES;
				CLANG_WARN_DEPRECATED_OBJC_IMPLEMENTATIONS = YES;
				CLANG_WARN_DIRECT_OBJC_ISA_USAGE = YES_ERROR;
				CLANG_WARN_DOCUMENTATION_COMMENTS = YES;
				CLANG_WARN_EMPTY_BODY = YES;
				CLANG_WARN_ENUM_CONVERSION = YES;
				CLANG_WARN_INFINITE_RECURSION = YES;
				CLANG_WARN_INT_CONVERSION = YES;
				CLANG_WARN_NON_LITERAL_NULL_CONVERSION = YES;
				CLANG_WARN_OBJC_IMPLICIT_RETAIN_SELF = YES;
				CLANG_WARN_OBJC_LITERAL_CONVERSION = YES;
				CLANG_WARN_OBJC_ROOT_CLASS = YES_ERROR;
				CLANG_WARN_QUOTED_INCLUDE_IN_FRAMEWORK_HEADER = YES;
				CLANG_WARN_RANGE_LOOP_ANALYSIS = YES;
				CLANG_WARN_STRICT_PROTOTYPES = YES;
				CLANG_WARN_SUSPICIOUS_MOVE = YES;
				CLANG_WARN_UNGUARDED_AVAILABILITY = YES_AGGRESSIVE;
				CLANG_WARN_UNREACHABLE_CODE = YES;
				CLANG_WARN__DUPLICATE_METHOD_MATCH = YES;
				COPY_PHASE_STRIP = NO;
				DEBUG_INFORMATION_FORMAT = dwarf;
				ENABLE_STRICT_OBJC_MSGSEND = YES;
				ENABLE_TESTABILITY = YES;
				ENABLE_USER_SCRIPT_SANDBOXING = YES;
				GCC_C_LANGUAGE_STANDARD = gnu17;
				GCC_DYNAMIC_NO_PIC = NO;
				GCC_NO_COMMON_BLOCKS = YES;
				GCC_OPTIMIZATION_LEVEL = 0;
				GCC_PREPROCESSOR_DEFINITIONS = (
					"DEBUG=1",
					"$(inherited)",
				);
				GCC_WARN_64_TO_32_BIT_CONVERSION = YES;
				GCC_WARN_ABOUT_RETURN_TYPE = YES_ERROR;
				GCC_WARN_UNDECLARED_SELECTOR = YES;
				GCC_WARN_UNINITIALIZED_AUTOS = YES_AGGRESSIVE;
				GCC_WARN_UNUSED_FUNCTION = YES;
				GCC_WARN_UNUSED_VARIABLE = YES;
				IPHONEOS_DEPLOYMENT_TARGET = 18.2;
				LOCALIZATION_PREFERS_STRING_CATALOGS = YES;
				MTL_ENABLE_DEBUG_INFO = INCLUDE_SOURCE;
				MTL_FAST_MATH = YES;
				ONLY_ACTIVE_ARCH = YES;
				SDKROOT = iphoneos;
				SWIFT_ACTIVE_COMPILATION_CONDITIONS = "DEBUG $(inherited)";
				SWIFT_OPTIMIZATION_LEVEL = "-Onone";
			};
			name = Debug;
		};
		FB98EA4C2D930FDA006A53BA /* Release */ = {
			isa = XCBuildConfiguration;
			buildSettings = {
				ALWAYS_SEARCH_USER_PATHS = NO;
				ASSETCATALOG_COMPILER_GENERATE_SWIFT_ASSET_SYMBOL_EXTENSIONS = YES;
				CLANG_ANALYZER_NONNULL = YES;
				CLANG_ANALYZER_NUMBER_OBJECT_CONVERSION = YES_AGGRESSIVE;
				CLANG_CXX_LANGUAGE_STANDARD = "gnu++20";
				CLANG_ENABLE_MODULES = YES;
				CLANG_ENABLE_OBJC_ARC = YES;
				CLANG_ENABLE_OBJC_WEAK = YES;
				CLANG_WARN_BLOCK_CAPTURE_AUTORELEASING = YES;
				CLANG_WARN_BOOL_CONVERSION = YES;
				CLANG_WARN_COMMA = YES;
				CLANG_WARN_CONSTANT_CONVERSION = YES;
				CLANG_WARN_DEPRECATED_OBJC_IMPLEMENTATIONS = YES;
				CLANG_WARN_DIRECT_OBJC_ISA_USAGE = YES_ERROR;
				CLANG_WARN_DOCUMENTATION_COMMENTS = YES;
				CLANG_WARN_EMPTY_BODY = YES;
				CLANG_WARN_ENUM_CONVERSION = YES;
				CLANG_WARN_INFINITE_RECURSION = YES;
				CLANG_WARN_INT_CONVERSION = YES;
				CLANG_WARN_NON_LITERAL_NULL_CONVERSION = YES;
				CLANG_WARN_OBJC_IMPLICIT_RETAIN_SELF = YES;
				CLANG_WARN_OBJC_LITERAL_CONVERSION = YES;
				CLANG_WARN_OBJC_ROOT_CLASS = YES_ERROR;
				CLANG_WARN_QUOTED_INCLUDE_IN_FRAMEWORK_HEADER = YES;
				CLANG_WARN_RANGE_LOOP_ANALYSIS = YES;
				CLANG_WARN_STRICT_PROTOTYPES = YES;
				CLANG_WARN_SUSPICIOUS_MOVE = YES;
				CLANG_WARN_UNGUARDED_AVAILABILITY = YES_AGGRESSIVE;
				CLANG_WARN_UNREACHABLE_CODE = YES;
				CLANG_WARN__DUPLICATE_METHOD_MATCH = YES;
				COPY_PHASE_STRIP = NO;
				DEBUG_INFORMATION_FORMAT = "dwarf-with-dsym";
				ENABLE_NS_ASSERTIONS = NO;
				ENABLE_STRICT_OBJC_MSGSEND = YES;
				ENABLE_USER_SCRIPT_SANDBOXING = YES;
				GCC_C_LANGUAGE_STANDARD = gnu17;
				GCC_NO_COMMON_BLOCKS = YES;
				GCC_WARN_64_TO_32_BIT_CONVERSION = YES;
				GCC_WARN_ABOUT_RETURN_TYPE = YES_ERROR;
				GCC_WARN_UNDECLARED_SELECTOR = YES;
				GCC_WARN_UNINITIALIZED_AUTOS = YES_AGGRESSIVE;
				GCC_WARN_UNUSED_FUNCTION = YES;
				GCC_WARN_UNUSED_VARIABLE = YES;
				IPHONEOS_DEPLOYMENT_TARGET = 18.2;
				LOCALIZATION_PREFERS_STRING_CATALOGS = YES;
				MTL_ENABLE_DEBUG_INFO = NO;
				MTL_FAST_MATH = YES;
				SDKROOT = iphoneos;
				SWIFT_COMPILATION_MODE = wholemodule;
				VALIDATE_PRODUCT = YES;
			};
			name = Release;
		};
		FB98EA4E2D930FDA006A53BA /* Debug */ = {
			isa = XCBuildConfiguration;
			buildSettings = {
				ASSETCATALOG_COMPILER_APPICON_NAME = AppIcon;
				ASSETCATALOG_COMPILER_GLOBAL_ACCENT_COLOR_NAME = AccentColor;
				CODE_SIGN_STYLE = Automatic;
				CURRENT_PROJECT_VERSION = 1;
				DEVELOPMENT_ASSET_PATHS = "\"ScoreAppSwiftUI/Preview Content\"";
				DEVELOPMENT_TEAM = 7GRZBU3W5C;
				ENABLE_PREVIEWS = YES;
				GENERATE_INFOPLIST_FILE = YES;
				INFOPLIST_KEY_UIApplicationSceneManifest_Generation = YES;
				INFOPLIST_KEY_UIApplicationSupportsIndirectInputEvents = YES;
				INFOPLIST_KEY_UILaunchScreen_Generation = YES;
				INFOPLIST_KEY_UISupportedInterfaceOrientations_iPad = "UIInterfaceOrientationPortrait UIInterfaceOrientationPortraitUpsideDown UIInterfaceOrientationLandscapeLeft UIInterfaceOrientationLandscapeRight";
				INFOPLIST_KEY_UISupportedInterfaceOrientations_iPhone = "UIInterfaceOrientationPortrait UIInterfaceOrientationLandscapeLeft UIInterfaceOrientationLandscapeRight";
				LD_RUNPATH_SEARCH_PATHS = (
					"$(inherited)",
					"@executable_path/Frameworks",
				);
				MARKETING_VERSION = 1.0;
				PRODUCT_BUNDLE_IDENTIFIER = com.cxcarvaj.ScoreAppSwiftUI;
				PRODUCT_NAME = "$(TARGET_NAME)";
				SWIFT_EMIT_LOC_STRINGS = YES;
				SWIFT_VERSION = 6.0;
				TARGETED_DEVICE_FAMILY = "1,2";
			};
			name = Debug;
		};
		FB98EA4F2D930FDA006A53BA /* Release */ = {
			isa = XCBuildConfiguration;
			buildSettings = {
				ASSETCATALOG_COMPILER_APPICON_NAME = AppIcon;
				ASSETCATALOG_COMPILER_GLOBAL_ACCENT_COLOR_NAME = AccentColor;
				CODE_SIGN_STYLE = Automatic;
				CURRENT_PROJECT_VERSION = 1;
				DEVELOPMENT_ASSET_PATHS = "\"ScoreAppSwiftUI/Preview Content\"";
				DEVELOPMENT_TEAM = 7GRZBU3W5C;
				ENABLE_PREVIEWS = YES;
				GENERATE_INFOPLIST_FILE = YES;
				INFOPLIST_KEY_UIApplicationSceneManifest_Generation = YES;
				INFOPLIST_KEY_UIApplicationSupportsIndirectInputEvents = YES;
				INFOPLIST_KEY_UILaunchScreen_Generation = YES;
				INFOPLIST_KEY_UISupportedInterfaceOrientations_iPad = "UIInterfaceOrientationPortrait UIInterfaceOrientationPortraitUpsideDown UIInterfaceOrientationLandscapeLeft UIInterfaceOrientationLandscapeRight";
				INFOPLIST_KEY_UISupportedInterfaceOrientations_iPhone = "UIInterfaceOrientationPortrait UIInterfaceOrientationLandscapeLeft UIInterfaceOrientationLandscapeRight";
				LD_RUNPATH_SEARCH_PATHS = (
					"$(inherited)",
					"@executable_path/Frameworks",
				);
				MARKETING_VERSION = 1.0;
				PRODUCT_BUNDLE_IDENTIFIER = com.cxcarvaj.ScoreAppSwiftUI;
				PRODUCT_NAME = "$(TARGET_NAME)";
				SWIFT_EMIT_LOC_STRINGS = YES;
				SWIFT_VERSION = 6.0;
				TARGETED_DEVICE_FAMILY = "1,2";
			};
			name = Release;
		};
/* End XCBuildConfiguration section */

/* Begin XCConfigurationList section */
		FB98EA3A2D930FD2006A53BA /* Build configuration list for PBXProject "ScoreAppSwiftUI" */ = {
			isa = XCConfigurationList;
			buildConfigurations = (
				FB98EA4B2D930FDA006A53BA /* Debug */,
				FB98EA4C2D930FDA006A53BA /* Release */,
			);
			defaultConfigurationIsVisible = 0;
			defaultConfigurationName = Release;
		};
		FB98EA4D2D930FDA006A53BA /* Build configuration list for PBXNativeTarget "ScoreAppSwiftUI" */ = {
			isa = XCConfigurationList;
			buildConfigurations = (
				FB98EA4E2D930FDA006A53BA /* Debug */,
				FB98EA4F2D930FDA006A53BA /* Release */,
			);
			defaultConfigurationIsVisible = 0;
			defaultConfigurationName = Release;
		};
/* End XCConfigurationList section */
	};
	rootObject = FB98EA372D930FD2006A53BA /* Project object */;
}
